<?xml version="1.0" encoding="utf-8"?>
<Project xmlns="http://schemas.microsoft.com/developer/msbuild/2003">
  <PropertyGroup>
    <ProjectGuid>{f0c0d33d-db79-4196-8449-b5517b049b24}</ProjectGuid>
    <Configuration Condition=" '$(Configuration)' == '' ">Debug</Configuration>
    <Platform Condition=" '$(Platform)' == '' ">AnyCPU</Platform>
    <DCC_DCCCompiler>DCC32</DCC_DCCCompiler>
    <DCC_DependencyCheckOutputName>Persistance.exe</DCC_DependencyCheckOutputName>
    <MainSource>Persistance.dpr</MainSource>
  </PropertyGroup>
  <PropertyGroup Condition=" '$(Configuration)|$(Platform)' == 'Release|AnyCPU' ">
    <Version>7.0</Version>
    <DCC_DebugInformation>False</DCC_DebugInformation>
    <DCC_LocalDebugSymbols>False</DCC_LocalDebugSymbols>
    <DCC_SymbolReferenceInfo>0</DCC_SymbolReferenceInfo>
    <DCC_Define>RELEASE</DCC_Define>
  </PropertyGroup>
  <PropertyGroup Condition=" '$(Configuration)|$(Platform)' == 'Debug|AnyCPU' ">
    <Version>7.0</Version>
    <DCC_Define>DEBUG</DCC_Define>
    <DCC_UnitSearchPath>..\Domain\Fuel Characteristics Accounting\Accounting\Entities\Interfaces;..\Domain\Fuel Characteristics Accounting\Accounting\Entities;..\Domain\Fuel Characteristics Accounting\Accounting\Rules\Cards\Access\Interfaces;..\Domain\Fuel Characteristics Accounting\Accounting\Rules\Cards\Access;..\Domain\Fuel Characteristics Accounting\Accounting\Rules\Cards\Common;..\Domain\Fuel Characteristics Accounting\Accounting\Rules\Cards\Common\Interfaces;..\Domain\Fuel Characteristics Accounting\Accounting\Rules\Cards\Registries;..\Domain\Fuel Characteristics Accounting\Accounting\Rules\Cards\Registries\Interfaces;..\Domain\Fuel Characteristics Accounting\Accounting\Rules\Cards;..\Domain\Fuel Characteristics Accounting\Accounting\Rules;..\Domain\Fuel Characteristics Accounting\Storage\Services\Cards\Interfaces;..\Domain\Fuel Characteristics Accounting\Storage\Services\Cards;..\Domain\Fuel Characteristics Accounting\Accounting\Rules\References\Reservoir Kinds;..\Domain\Fuel Characteristics Accounting\Accounting\Rules\References\Reservoir Kinds\Access\Interfaces;..\Domain\Fuel Characteristics Accounting\Accounting\Rules\References\Reservoir Kinds\Access;..\Domain\Fuel Characteristics Accounting\Accounting\Rules\References\Reservoir Kinds\Common;..\Domain\Fuel Characteristics Accounting\Accounting\Rules\References\Reservoir Kinds\Common\Interfaces;..\Domain\Fuel Characteristics Accounting\Accounting\Rules\References\Reservoir Kinds\Registries;..\Domain\Fuel Characteristics Accounting\Accounting\Rules\References\Reservoir Kinds\Registries\Interfaces;..\Domain\Fuel Characteristics Accounting\Storage\Services\References\Reservoir Kinds;..\Domain\Fuel Characteristics Accounting\Storage\Services\References\Reservoir Kinds\Interfaces;..\Domain\Personnel Management\Accounting\Entities;..\Domain\Personnel Management\Accounting\Rules\Working Time Conditions;..\Domain\Personnel Management\Accounting\Rules\Working Time Conditions\Access;..\Domain\Personnel Management\Accounting\Rules\Working Time Conditions\Access\Interfaces;..\Domain\Personnel Management\Accounting\Entities\Interfaces;..\Domain\Personnel Management\Storage\Services\Working Time Conditions;..\Domain\Personnel Management\Storage\Services\Working Time Conditions\Interfaces;..\Domain\Common;..\Domain\Common\Interfaces</DCC_UnitSearchPath>
    <DCC_ResourcePath>..\Domain\Fuel Characteristics Accounting\Accounting\Entities\Interfaces;..\Domain\Fuel Characteristics Accounting\Accounting\Entities;..\Domain\Fuel Characteristics Accounting\Accounting\Rules\Cards\Access\Interfaces;..\Domain\Fuel Characteristics Accounting\Accounting\Rules\Cards\Access;..\Domain\Fuel Characteristics Accounting\Accounting\Rules\Cards\Common;..\Domain\Fuel Characteristics Accounting\Accounting\Rules\Cards\Common\Interfaces;..\Domain\Fuel Characteristics Accounting\Accounting\Rules\Cards\Registries;..\Domain\Fuel Characteristics Accounting\Accounting\Rules\Cards\Registries\Interfaces;..\Domain\Fuel Characteristics Accounting\Accounting\Rules\Cards;..\Domain\Fuel Characteristics Accounting\Accounting\Rules;..\Domain\Fuel Characteristics Accounting\Storage\Services\Cards\Interfaces;..\Domain\Fuel Characteristics Accounting\Storage\Services\Cards;..\Domain\Fuel Characteristics Accounting\Accounting\Rules\References\Reservoir Kinds;..\Domain\Fuel Characteristics Accounting\Accounting\Rules\References\Reservoir Kinds\Access\Interfaces;..\Domain\Fuel Characteristics Accounting\Accounting\Rules\References\Reservoir Kinds\Access;..\Domain\Fuel Characteristics Accounting\Accounting\Rules\References\Reservoir Kinds\Common;..\Domain\Fuel Characteristics Accounting\Accounting\Rules\References\Reservoir Kinds\Common\Interfaces;..\Domain\Fuel Characteristics Accounting\Accounting\Rules\References\Reservoir Kinds\Registries;..\Domain\Fuel Characteristics Accounting\Accounting\Rules\References\Reservoir Kinds\Registries\Interfaces;..\Domain\Fuel Characteristics Accounting\Storage\Services\References\Reservoir Kinds;..\Domain\Fuel Characteristics Accounting\Storage\Services\References\Reservoir Kinds\Interfaces;..\Domain\Personnel Management\Accounting\Entities;..\Domain\Personnel Management\Accounting\Rules\Working Time Conditions;..\Domain\Personnel Management\Accounting\Rules\Working Time Conditions\Access;..\Domain\Personnel Management\Accounting\Rules\Working Time Conditions\Access\Interfaces;..\Domain\Personnel Management\Accounting\Entities\Interfaces;..\Domain\Personnel Management\Storage\Services\Working Time Conditions;..\Domain\Personnel Management\Storage\Services\Working Time Conditions\Interfaces;..\Domain\Common;..\Domain\Common\Interfaces</DCC_ResourcePath>
    <DCC_ObjPath>..\Domain\Fuel Characteristics Accounting\Accounting\Entities\Interfaces;..\Domain\Fuel Characteristics Accounting\Accounting\Entities;..\Domain\Fuel Characteristics Accounting\Accounting\Rules\Cards\Access\Interfaces;..\Domain\Fuel Characteristics Accounting\Accounting\Rules\Cards\Access;..\Domain\Fuel Characteristics Accounting\Accounting\Rules\Cards\Common;..\Domain\Fuel Characteristics Accounting\Accounting\Rules\Cards\Common\Interfaces;..\Domain\Fuel Characteristics Accounting\Accounting\Rules\Cards\Registries;..\Domain\Fuel Characteristics Accounting\Accounting\Rules\Cards\Registries\Interfaces;..\Domain\Fuel Characteristics Accounting\Accounting\Rules\Cards;..\Domain\Fuel Characteristics Accounting\Accounting\Rules;..\Domain\Fuel Characteristics Accounting\Storage\Services\Cards\Interfaces;..\Domain\Fuel Characteristics Accounting\Storage\Services\Cards;..\Domain\Fuel Characteristics Accounting\Accounting\Rules\References\Reservoir Kinds;..\Domain\Fuel Characteristics Accounting\Accounting\Rules\References\Reservoir Kinds\Access\Interfaces;..\Domain\Fuel Characteristics Accounting\Accounting\Rules\References\Reservoir Kinds\Access;..\Domain\Fuel Characteristics Accounting\Accounting\Rules\References\Reservoir Kinds\Common;..\Domain\Fuel Characteristics Accounting\Accounting\Rules\References\Reservoir Kinds\Common\Interfaces;..\Domain\Fuel Characteristics Accounting\Accounting\Rules\References\Reservoir Kinds\Registries;..\Domain\Fuel Characteristics Accounting\Accounting\Rules\References\Reservoir Kinds\Registries\Interfaces;..\Domain\Fuel Characteristics Accounting\Storage\Services\References\Reservoir Kinds;..\Domain\Fuel Characteristics Accounting\Storage\Services\References\Reservoir Kinds\Interfaces;..\Domain\Personnel Management\Accounting\Entities;..\Domain\Personnel Management\Accounting\Rules\Working Time Conditions;..\Domain\Personnel Management\Accounting\Rules\Working Time Conditions\Access;..\Domain\Personnel Management\Accounting\Rules\Working Time Conditions\Access\Interfaces;..\Domain\Personnel Management\Accounting\Entities\Interfaces;..\Domain\Personnel Management\Storage\Services\Working Time Conditions;..\Domain\Personnel Management\Storage\Services\Working Time Conditions\Interfaces;..\Domain\Common;..\Domain\Common\Interfaces</DCC_ObjPath>
    <DCC_IncludePath>..\Domain\Fuel Characteristics Accounting\Accounting\Entities\Interfaces;..\Domain\Fuel Characteristics Accounting\Accounting\Entities;..\Domain\Fuel Characteristics Accounting\Accounting\Rules\Cards\Access\Interfaces;..\Domain\Fuel Characteristics Accounting\Accounting\Rules\Cards\Access;..\Domain\Fuel Characteristics Accounting\Accounting\Rules\Cards\Common;..\Domain\Fuel Characteristics Accounting\Accounting\Rules\Cards\Common\Interfaces;..\Domain\Fuel Characteristics Accounting\Accounting\Rules\Cards\Registries;..\Domain\Fuel Characteristics Accounting\Accounting\Rules\Cards\Registries\Interfaces;..\Domain\Fuel Characteristics Accounting\Accounting\Rules\Cards;..\Domain\Fuel Characteristics Accounting\Accounting\Rules;..\Domain\Fuel Characteristics Accounting\Storage\Services\Cards\Interfaces;..\Domain\Fuel Characteristics Accounting\Storage\Services\Cards;..\Domain\Fuel Characteristics Accounting\Accounting\Rules\References\Reservoir Kinds;..\Domain\Fuel Characteristics Accounting\Accounting\Rules\References\Reservoir Kinds\Access\Interfaces;..\Domain\Fuel Characteristics Accounting\Accounting\Rules\References\Reservoir Kinds\Access;..\Domain\Fuel Characteristics Accounting\Accounting\Rules\References\Reservoir Kinds\Common;..\Domain\Fuel Characteristics Accounting\Accounting\Rules\References\Reservoir Kinds\Common\Interfaces;..\Domain\Fuel Characteristics Accounting\Accounting\Rules\References\Reservoir Kinds\Registries;..\Domain\Fuel Characteristics Accounting\Accounting\Rules\References\Reservoir Kinds\Registries\Interfaces;..\Domain\Fuel Characteristics Accounting\Storage\Services\References\Reservoir Kinds;..\Domain\Fuel Characteristics Accounting\Storage\Services\References\Reservoir Kinds\Interfaces;..\Domain\Personnel Management\Accounting\Entities;..\Domain\Personnel Management\Accounting\Rules\Working Time Conditions;..\Domain\Personnel Management\Accounting\Rules\Working Time Conditions\Access;..\Domain\Personnel Management\Accounting\Rules\Working Time Conditions\Access\Interfaces;..\Domain\Personnel Management\Accounting\Entities\Interfaces;..\Domain\Personnel Management\Storage\Services\Working Time Conditions;..\Domain\Personnel Management\Storage\Services\Working Time Conditions\Interfaces;..\Domain\Common;..\Domain\Common\Interfaces</DCC_IncludePath>
  </PropertyGroup>
  <ProjectExtensions>
    <Borland.Personality>Delphi.Personality</Borland.Personality>
    <Borland.ProjectType />
    <BorlandProject>
<BorlandProject><Delphi.Personality><Parameters><Parameters Name="UseLauncher">False</Parameters><Parameters Name="LoadAllSymbols">True</Parameters><Parameters Name="LoadUnspecifiedSymbols">False</Parameters></Parameters><VersionInfo><VersionInfo Name="IncludeVerInfo">False</VersionInfo><VersionInfo Name="AutoIncBuild">False</VersionInfo><VersionInfo Name="MajorVer">1</VersionInfo><VersionInfo Name="MinorVer">0</VersionInfo><VersionInfo Name="Release">0</VersionInfo><VersionInfo Name="Build">0</VersionInfo><VersionInfo Name="Debug">False</VersionInfo><VersionInfo Name="PreRelease">False</VersionInfo><VersionInfo Name="Special">False</VersionInfo><VersionInfo Name="Private">False</VersionInfo><VersionInfo Name="DLL">False</VersionInfo><VersionInfo Name="Locale">1049</VersionInfo><VersionInfo Name="CodePage">1251</VersionInfo></VersionInfo><VersionInfoKeys><VersionInfoKeys Name="CompanyName"></VersionInfoKeys><VersionInfoKeys Name="FileDescription"></VersionInfoKeys><VersionInfoKeys Name="FileVersion">1.0.0.0</VersionInfoKeys><VersionInfoKeys Name="InternalName"></VersionInfoKeys><VersionInfoKeys Name="LegalCopyright"></VersionInfoKeys><VersionInfoKeys Name="LegalTrademarks"></VersionInfoKeys><VersionInfoKeys Name="OriginalFilename"></VersionInfoKeys><VersionInfoKeys Name="ProductName"></VersionInfoKeys><VersionInfoKeys Name="ProductVersion">1.0.0.0</VersionInfoKeys><VersionInfoKeys Name="Comments"></VersionInfoKeys></VersionInfoKeys><Source><Source Name="MainSource">Persistance.dpr</Source></Source></Delphi.Personality><ModelSupport>False</ModelSupport></BorlandProject></BorlandProject>
  </ProjectExtensions>
  <Import Project="$(MSBuildBinPath)\Borland.Delphi.Targets" />
  <ItemGroup>
    <DelphiCompile Include="Persistance.dpr">
      <MainSource>MainSource</MainSource>
    </DelphiCompile>
    <DCCReference Include="C:\Common Delphi Libs\u_59968 Delphi Modules\Query Executors\AbstractDataReader.pas" />
    <DCCReference Include="C:\Common Delphi Libs\u_59968 Delphi Modules\Query Executors\DataSet-Based Executors\DataSetDataReader.pas" />
    <DCCReference Include="C:\Common Delphi Libs\u_59968 Delphi Modules\Query Executors\DataSet-Based Executors\Zeos-Based\ZQueryExecutor.pas" />
    <DCCReference Include="C:\Common Delphi Libs\u_59968 Delphi Modules\Query Executors\DataSet-Based Executors\Zeos-Based\ZQueryExecutorFactory.pas" />
    <DCCReference Include="C:\Common Delphi Libs\u_59968 Delphi Modules\Query Executors\Interfaces\DataReader.pas" />
    <DCCReference Include="C:\Common Delphi Libs\u_59968 Delphi Modules\Query Executors\Interfaces\QueryExecutor.pas" />
    <DCCReference Include="C:\Common Delphi Libs\u_59968 Delphi Modules\Query Executors\Interfaces\QueryExecutorFactory.pas" />
    <DCCReference Include="C:\Common Delphi Libs\u_59968 Delphi Modules\Repositories and Domain\Repositories\AbstractDBRepositoryUnit.pas" />
    <DCCReference Include="C:\Common Delphi Libs\u_59968 Delphi Modules\Repositories and Domain\Repositories\AbstractPostgresRepositoryUnit.pas" />
    <DCCReference Include="C:\Common Delphi Libs\u_59968 Delphi Modules\Repositories and Domain\Repositories\AbstractRepositoryUnit.pas" />
    <DCCReference Include="C:\Common Delphi Libs\u_59968 Delphi Modules\Repositories and Domain\Repositories\DomainObjectCompiler.pas" />
    <DCCReference Include="C:\Common Delphi Libs\u_59968 Delphi Modules\Repositories and Domain\Repositories\Interfaces\DomainObjectRepository.pas" />
    <DCCReference Include="C:\Common Delphi Libs\u_59968 Delphi Modules\Repositories and Domain\Repositories\Interfaces\DomainObjectRepositoryRegistry.pas" />
    <DCCReference Include="C:\Common Delphi Libs\u_59968 Delphi Modules\Repositories and Domain\Repositories\StandardDomainObjectRepositoryRegistry.pas" />
    <DCCReference Include="Repositories\Fuel Characteristics Accounting\Interfaces\FuelCharacteristicsCalculationCardRepository.pas" />
    <DCCReference Include="Repositories\Fuel Characteristics Accounting\Interfaces\ReservoirKindReferenceSuiteRepository.pas" />
    <DCCReference Include="Repositories\Fuel Characteristics Accounting\Interfaces\ReservoirKindRepository.pas" />
    <DCCReference Include="Repositories\Fuel Characteristics Accounting\SQL\Postgres\FuelCharacteristicsCalculationCardPostgresRepository.pas" />
    <DCCReference Include="Repositories\Fuel Characteristics Accounting\SQL\Postgres\ReservoirKindPostgresRepository.pas" />
    <DCCReference Include="Repositories\Fuel Characteristics Accounting\SQL\Postgres\ReservoirKindReferenceSuitePostgresRepository.pas" />
    <DCCReference Include="Repositories\Fuel Characteristics Accounting\SQL\Postgres\Schema\FuelCharacteristicsCalculationCardTableDefinition.pas" />
    <DCCReference Include="Repositories\Fuel Characteristics Accounting\SQL\Postgres\Schema\ReservoirKindReferenceSuiteTableDefinition.pas" />
    <DCCReference Include="Repositories\Fuel Characteristics Accounting\SQL\Postgres\Schema\ReservoirKindTableDefinition.pas" />
    <DCCReference Include="Repositories\Personnel Management\Interfaces\EmployeeRepository.pas" />
    <DCCReference Include="Repositories\Personnel Management\Interfaces\RoleRepository.pas" />
    <DCCReference Include="Repositories\Personnel Management\Interfaces\WorkingTimeConditionsRepository.pas" />
    <DCCReference Include="Repositories\Personnel Management\SQL\Postgres\EmployeePostgresRepository.pas" />
    <DCCReference Include="Repositories\Personnel Management\SQL\Postgres\RolePostgresRepository.pas" />
    <DCCReference Include="Repositories\Personnel Management\SQL\Postgres\Schema\EmployeeTableDefinition.pas" />
    <DCCReference Include="Repositories\Personnel Management\SQL\Postgres\Schema\RoleTableDefinition.pas" />
    <DCCReference Include="Repositories\Personnel Management\SQL\Postgres\Schema\SchemaDefinition.pas" />
    <DCCReference Include="Repositories\Personnel Management\SQL\Postgres\Schema\WorkingTimeConditionsTableDefinition.pas" />
    <DCCReference Include="Repositories\Personnel Management\SQL\Postgres\WorkingTimeConditionsPostgresRepository.pas" />
    <DCCReference Include="Repositories\Registries\FuelCharacteristicsAccountingRepositoryRegistry.pas" />
    <DCCReference Include="Repositories\Registries\StandardFuelCharacteristicsAccountingRepositoryRegistry.pas" />
    <DCCReference Include="Services\Fuel Characteristics Accounting\Cards\BasedOnRepositoryFuelCharacteristicsCalculationCardDirectory.pas" />
    <DCCReference Include="Services\Fuel Characteristics Accounting\References\Reservoir Kinds\BasedOnRepositoryReservoirKindDirectory.pas" />
    <DCCReference Include="Services\Fuel Characteristics Accounting\References\Reservoir Kinds\BasedOnRepositoryReservoirKindReferenceSuiteDirectory.pas" />
    <DCCReference Include="Services\Personnel Management\BasedOnRepositoryWorkingTimeConditionsDirectory.pas" />
    <DCCReference Include="unPersistanceForm.pas">
      <Form>RepositoryTestForm</Form>
    </DCCReference>
  </ItemGroup>
</Project>